// !$*UTF8*$!
{
	archiveVersion = 1;
	classes = {
	};
	objectVersion = 56;
	objects = {

/* Begin PBXBuildFile section */
		7EF3FEF42A6A6471002AE58D /* AppDelegate.swift in Sources */ = {isa = PBXBuildFile; fileRef = 7EF3FEF32A6A6471002AE58D /* AppDelegate.swift */; };
		7EF3FEF62A6A6471002AE58D /* SceneDelegate.swift in Sources */ = {isa = PBXBuildFile; fileRef = 7EF3FEF52A6A6471002AE58D /* SceneDelegate.swift */; };
		7EF3FEF82A6A6471002AE58D /* CarViewController.swift in Sources */ = {isa = PBXBuildFile; fileRef = 7EF3FEF72A6A6471002AE58D /* CarViewController.swift */; };
		7EF3FEFB2A6A6472002AE58D /* CarView.storyboard in Resources */ = {isa = PBXBuildFile; fileRef = 7EF3FEF92A6A6472002AE58D /* CarView.storyboard */; };
		7EF3FEFD2A6A6472002AE58D /* Assets.xcassets in Resources */ = {isa = PBXBuildFile; fileRef = 7EF3FEFC2A6A6472002AE58D /* Assets.xcassets */; };
		7EF3FF002A6A6472002AE58D /* LaunchScreen.storyboard in Resources */ = {isa = PBXBuildFile; fileRef = 7EF3FEFE2A6A6472002AE58D /* LaunchScreen.storyboard */; };
		7EF3FF0C2A6A6696002AE58D /* Car.swift in Sources */ = {isa = PBXBuildFile; fileRef = 7EF3FF0B2A6A6696002AE58D /* Car.swift */; };
		7EF3FF0E2A6A674E002AE58D /* PlaneViewController.swift in Sources */ = {isa = PBXBuildFile; fileRef = 7EF3FF0D2A6A674E002AE58D /* PlaneViewController.swift */; };
		7EF3FF102A6A6762002AE58D /* BikeViewController.swift in Sources */ = {isa = PBXBuildFile; fileRef = 7EF3FF0F2A6A6762002AE58D /* BikeViewController.swift */; };
		7EF3FF122A6A6770002AE58D /* PlaneView.storyboard in Resources */ = {isa = PBXBuildFile; fileRef = 7EF3FF112A6A6770002AE58D /* PlaneView.storyboard */; };
		7EF3FF142A6A677B002AE58D /* BikeView.storyboard in Resources */ = {isa = PBXBuildFile; fileRef = 7EF3FF132A6A677B002AE58D /* BikeView.storyboard */; };
		7EF3FF162A6A6784002AE58D /* Plane.swift in Sources */ = {isa = PBXBuildFile; fileRef = 7EF3FF152A6A6784002AE58D /* Plane.swift */; };
		7EF3FF182A6A678B002AE58D /* Bike.swift in Sources */ = {isa = PBXBuildFile; fileRef = 7EF3FF172A6A678B002AE58D /* Bike.swift */; };
		7EF3FF1C2A6A6DD8002AE58D /* MainCoordinator.swift in Sources */ = {isa = PBXBuildFile; fileRef = 7EF3FF1B2A6A6DD8002AE58D /* MainCoordinator.swift */; };
		7EF3FF212A6A9646002AE58D /* Instantiate+UIViewController.swift in Sources */ = {isa = PBXBuildFile; fileRef = 7EF3FF202A6A9646002AE58D /* Instantiate+UIViewController.swift */; };
/* End PBXBuildFile section */

/* Begin PBXFileReference section */
		7EF3FEF02A6A6471002AE58D /* CoordinatorPattern.app */ = {isa = PBXFileReference; explicitFileType = wrapper.application; includeInIndex = 0; path = CoordinatorPattern.app; sourceTree = BUILT_PRODUCTS_DIR; };
		7EF3FEF32A6A6471002AE58D /* AppDelegate.swift */ = {isa = PBXFileReference; lastKnownFileType = sourcecode.swift; path = AppDelegate.swift; sourceTree = "<group>"; };
		7EF3FEF52A6A6471002AE58D /* SceneDelegate.swift */ = {isa = PBXFileReference; lastKnownFileType = sourcecode.swift; path = SceneDelegate.swift; sourceTree = "<group>"; };
		7EF3FEF72A6A6471002AE58D /* CarViewController.swift */ = {isa = PBXFileReference; lastKnownFileType = sourcecode.swift; path = CarViewController.swift; sourceTree = "<group>"; };
		7EF3FEFA2A6A6472002AE58D /* Base */ = {isa = PBXFileReference; lastKnownFileType = file.storyboard; name = Base; path = Base.lproj/CarView.storyboard; sourceTree = "<group>"; };
		7EF3FEFC2A6A6472002AE58D /* Assets.xcassets */ = {isa = PBXFileReference; lastKnownFileType = folder.assetcatalog; path = Assets.xcassets; sourceTree = "<group>"; };
		7EF3FEFF2A6A6472002AE58D /* Base */ = {isa = PBXFileReference; lastKnownFileType = file.storyboard; name = Base; path = Base.lproj/LaunchScreen.storyboard; sourceTree = "<group>"; };
		7EF3FF012A6A6472002AE58D /* Info.plist */ = {isa = PBXFileReference; lastKnownFileType = text.plist.xml; path = Info.plist; sourceTree = "<group>"; };
		7EF3FF0B2A6A6696002AE58D /* Car.swift */ = {isa = PBXFileReference; lastKnownFileType = sourcecode.swift; path = Car.swift; sourceTree = "<group>"; };
		7EF3FF0D2A6A674E002AE58D /* PlaneViewController.swift */ = {isa = PBXFileReference; lastKnownFileType = sourcecode.swift; path = PlaneViewController.swift; sourceTree = "<group>"; };
		7EF3FF0F2A6A6762002AE58D /* BikeViewController.swift */ = {isa = PBXFileReference; lastKnownFileType = sourcecode.swift; path = BikeViewController.swift; sourceTree = "<group>"; };
		7EF3FF112A6A6770002AE58D /* PlaneView.storyboard */ = {isa = PBXFileReference; lastKnownFileType = file.storyboard; path = PlaneView.storyboard; sourceTree = "<group>"; };
		7EF3FF132A6A677B002AE58D /* BikeView.storyboard */ = {isa = PBXFileReference; lastKnownFileType = file.storyboard; path = BikeView.storyboard; sourceTree = "<group>"; };
		7EF3FF152A6A6784002AE58D /* Plane.swift */ = {isa = PBXFileReference; lastKnownFileType = sourcecode.swift; path = Plane.swift; sourceTree = "<group>"; };
		7EF3FF172A6A678B002AE58D /* Bike.swift */ = {isa = PBXFileReference; lastKnownFileType = sourcecode.swift; path = Bike.swift; sourceTree = "<group>"; };
		7EF3FF1B2A6A6DD8002AE58D /* MainCoordinator.swift */ = {isa = PBXFileReference; lastKnownFileType = sourcecode.swift; path = MainCoordinator.swift; sourceTree = "<group>"; };
		7EF3FF202A6A9646002AE58D /* Instantiate+UIViewController.swift */ = {isa = PBXFileReference; lastKnownFileType = sourcecode.swift; path = "Instantiate+UIViewController.swift"; sourceTree = "<group>"; };
/* End PBXFileReference section */

/* Begin PBXFrameworksBuildPhase section */
		7EF3FEED2A6A6471002AE58D /* Frameworks */ = {
			isa = PBXFrameworksBuildPhase;
			buildActionMask = 2147483647;
			files = (
			);
			runOnlyForDeploymentPostprocessing = 0;
		};
/* End PBXFrameworksBuildPhase section */

/* Begin PBXGroup section */
		7EF3FEE72A6A6471002AE58D = {
			isa = PBXGroup;
			children = (
				7EF3FEF22A6A6471002AE58D /* CoordinatorPattern */,
				7EF3FEF12A6A6471002AE58D /* Products */,
			);
			sourceTree = "<group>";
		};
		7EF3FEF12A6A6471002AE58D /* Products */ = {
			isa = PBXGroup;
			children = (
				7EF3FEF02A6A6471002AE58D /* CoordinatorPattern.app */,
			);
			name = Products;
			sourceTree = "<group>";
		};
		7EF3FEF22A6A6471002AE58D /* CoordinatorPattern */ = {
			isa = PBXGroup;
			children = (
				7EF3FEF32A6A6471002AE58D /* AppDelegate.swift */,
				7EF3FEF52A6A6471002AE58D /* SceneDelegate.swift */,
				7EF3FF012A6A6472002AE58D /* Info.plist */,
				7EF3FEFC2A6A6472002AE58D /* Assets.xcassets */,
				7EF3FF092A6A6505002AE58D /* Model */,
				7EF3FF072A6A64E1002AE58D /* View */,
				7EF3FF0A2A6A650D002AE58D /* Controller */,
				7EF3FF082A6A64ED002AE58D /* Coordinator */,
				7EF3FF1F2A6A9610002AE58D /* Extension */,
			);
			path = CoordinatorPattern;
			sourceTree = "<group>";
		};
		7EF3FF072A6A64E1002AE58D /* View */ = {
			isa = PBXGroup;
			children = (
				7EF3FEFE2A6A6472002AE58D /* LaunchScreen.storyboard */,
				7EF3FEF92A6A6472002AE58D /* CarView.storyboard */,
				7EF3FF112A6A6770002AE58D /* PlaneView.storyboard */,
				7EF3FF132A6A677B002AE58D /* BikeView.storyboard */,
			);
			path = View;
			sourceTree = "<group>";
		};
		7EF3FF082A6A64ED002AE58D /* Coordinator */ = {
			isa = PBXGroup;
			children = (
				7EF3FF1B2A6A6DD8002AE58D /* MainCoordinator.swift */,
			);
			path = Coordinator;
			sourceTree = "<group>";
		};
		7EF3FF092A6A6505002AE58D /* Model */ = {
			isa = PBXGroup;
			children = (
				7EF3FF0B2A6A6696002AE58D /* Car.swift */,
				7EF3FF152A6A6784002AE58D /* Plane.swift */,
				7EF3FF172A6A678B002AE58D /* Bike.swift */,
			);
			path = Model;
			sourceTree = "<group>";
		};
		7EF3FF0A2A6A650D002AE58D /* Controller */ = {
			isa = PBXGroup;
			children = (
				7EF3FEF72A6A6471002AE58D /* CarViewController.swift */,
				7EF3FF0D2A6A674E002AE58D /* PlaneViewController.swift */,
				7EF3FF0F2A6A6762002AE58D /* BikeViewController.swift */,
			);
			path = Controller;
			sourceTree = "<group>";
		};
		7EF3FF1F2A6A9610002AE58D /* Extension */ = {
			isa = PBXGroup;
			children = (
				7EF3FF202A6A9646002AE58D /* Instantiate+UIViewController.swift */,
			);
			path = Extension;
			sourceTree = "<group>";
		};
/* End PBXGroup section */

/* Begin PBXNativeTarget section */
		7EF3FEEF2A6A6471002AE58D /* CoordinatorPattern */ = {
			isa = PBXNativeTarget;
			buildConfigurationList = 7EF3FF042A6A6472002AE58D /* Build configuration list for PBXNativeTarget "CoordinatorPattern" */;
			buildPhases = (
				7EF3FEEC2A6A6471002AE58D /* Sources */,
				7EF3FEED2A6A6471002AE58D /* Frameworks */,
				7EF3FEEE2A6A6471002AE58D /* Resources */,
			);
			buildRules = (
			);
			dependencies = (
			);
			name = CoordinatorPattern;
			productName = CoordinatorPattern;
			productReference = 7EF3FEF02A6A6471002AE58D /* CoordinatorPattern.app */;
			productType = "com.apple.product-type.application";
		};
/* End PBXNativeTarget section */

/* Begin PBXProject section */
		7EF3FEE82A6A6471002AE58D /* Project object */ = {
			isa = PBXProject;
			attributes = {
				BuildIndependentTargetsInParallel = 1;
				LastSwiftUpdateCheck = 1430;
				LastUpgradeCheck = 1430;
				TargetAttributes = {
					7EF3FEEF2A6A6471002AE58D = {
						CreatedOnToolsVersion = 14.3.1;
					};
				};
			};
			buildConfigurationList = 7EF3FEEB2A6A6471002AE58D /* Build configuration list for PBXProject "CoordinatorPattern" */;
			compatibilityVersion = "Xcode 14.0";
			developmentRegion = en;
			hasScannedForEncodings = 0;
			knownRegions = (
				en,
				Base,
			);
			mainGroup = 7EF3FEE72A6A6471002AE58D;
			productRefGroup = 7EF3FEF12A6A6471002AE58D /* Products */;
			projectDirPath = "";
			projectRoot = "";
			targets = (
				7EF3FEEF2A6A6471002AE58D /* CoordinatorPattern */,
			);
		};
/* End PBXProject section */

/* Begin PBXResourcesBuildPhase section */
		7EF3FEEE2A6A6471002AE58D /* Resources */ = {
			isa = PBXResourcesBuildPhase;
			buildActionMask = 2147483647;
			files = (
				7EF3FF002A6A6472002AE58D /* LaunchScreen.storyboard in Resources */,
				7EF3FEFD2A6A6472002AE58D /* Assets.xcassets in Resources */,
				7EF3FF122A6A6770002AE58D /* PlaneView.storyboard in Resources */,
				7EF3FF142A6A677B002AE58D /* BikeView.storyboard in Resources */,
				7EF3FEFB2A6A6472002AE58D /* CarView.storyboard in Resources */,
			);
			runOnlyForDeploymentPostprocessing = 0;
		};
/* End PBXResourcesBuildPhase section */

/* Begin PBXSourcesBuildPhase section */
		7EF3FEEC2A6A6471002AE58D /* Sources */ = {
			isa = PBXSourcesBuildPhase;
			buildActionMask = 2147483647;
			files = (
				7EF3FF182A6A678B002AE58D /* Bike.swift in Sources */,
				7EF3FEF82A6A6471002AE58D /* CarViewController.swift in Sources */,
				7EF3FEF42A6A6471002AE58D /* AppDelegate.swift in Sources */,
				7EF3FF0C2A6A6696002AE58D /* Car.swift in Sources */,
				7EF3FF102A6A6762002AE58D /* BikeViewController.swift in Sources */,
				7EF3FEF62A6A6471002AE58D /* SceneDelegate.swift in Sources */,
				7EF3FF0E2A6A674E002AE58D /* PlaneViewController.swift in Sources */,
				7EF3FF1C2A6A6DD8002AE58D /* MainCoordinator.swift in Sources */,
				7EF3FF162A6A6784002AE58D /* Plane.swift in Sources */,
				7EF3FF212A6A9646002AE58D /* Instantiate+UIViewController.swift in Sources */,
			);
			runOnlyForDeploymentPostprocessing = 0;
		};
/* End PBXSourcesBuildPhase section */

/* Begin PBXVariantGroup section */
		7EF3FEF92A6A6472002AE58D /* CarView.storyboard */ = {
			isa = PBXVariantGroup;
			children = (
				7EF3FEFA2A6A6472002AE58D /* Base */,
			);
			name = CarView.storyboard;
			sourceTree = "<group>";
		};
		7EF3FEFE2A6A6472002AE58D /* LaunchScreen.storyboard */ = {
			isa = PBXVariantGroup;
			children = (
				7EF3FEFF2A6A6472002AE58D /* Base */,
			);
			name = LaunchScreen.storyboard;
			sourceTree = "<group>";
		};
/* End PBXVariantGroup section */

/* Begin XCBuildConfiguration section */
		7EF3FF022A6A6472002AE58D /* Debug */ = {
			isa = XCBuildConfiguration;
			buildSettings = {
				ALWAYS_SEARCH_USER_PATHS = NO;
				CLANG_ANALYZER_NONNULL = YES;
				CLANG_ANALYZER_NUMBER_OBJECT_CONVERSION = YES_AGGRESSIVE;
				CLANG_CXX_LANGUAGE_STANDARD = "gnu++20";
				CLANG_ENABLE_MODULES = YES;
				CLANG_ENABLE_OBJC_ARC = YES;
				CLANG_ENABLE_OBJC_WEAK = YES;
				CLANG_WARN_BLOCK_CAPTURE_AUTORELEASING = YES;
				CLANG_WARN_BOOL_CONVERSION = YES;
				CLANG_WARN_COMMA = YES;
				CLANG_WARN_CONSTANT_CONVERSION = YES;
				CLANG_WARN_DEPRECATED_OBJC_IMPLEMENTATIONS = YES;
				CLANG_WARN_DIRECT_OBJC_ISA_USAGE = YES_ERROR;
				CLANG_WARN_DOCUMENTATION_COMMENTS = YES;
				CLANG_WARN_EMPTY_BODY = YES;
				CLANG_WARN_ENUM_CONVERSION = YES;
				CLANG_WARN_INFINITE_RECURSION = YES;
				CLANG_WARN_INT_CONVERSION = YES;
				CLANG_WARN_NON_LITERAL_NULL_CONVERSION = YES;
				CLANG_WARN_OBJC_IMPLICIT_RETAIN_SELF = YES;
				CLANG_WARN_OBJC_LITERAL_CONVERSION = YES;
				CLANG_WARN_OBJC_ROOT_CLASS = YES_ERROR;
				CLANG_WARN_QUOTED_INCLUDE_IN_FRAMEWORK_HEADER = YES;
				CLANG_WARN_RANGE_LOOP_ANALYSIS = YES;
				CLANG_WARN_STRICT_PROTOTYPES = YES;
				CLANG_WARN_SUSPICIOUS_MOVE = YES;
				CLANG_WARN_UNGUARDED_AVAILABILITY = YES_AGGRESSIVE;
				CLANG_WARN_UNREACHABLE_CODE = YES;
				CLANG_WARN__DUPLICATE_METHOD_MATCH = YES;
				COPY_PHASE_STRIP = NO;
				DEBUG_INFORMATION_FORMAT = dwarf;
				ENABLE_STRICT_OBJC_MSGSEND = YES;
				ENABLE_TESTABILITY = YES;
				GCC_C_LANGUAGE_STANDARD = gnu11;
				GCC_DYNAMIC_NO_PIC = NO;
				GCC_NO_COMMON_BLOCKS = YES;
				GCC_OPTIMIZATION_LEVEL = 0;
				GCC_PREPROCESSOR_DEFINITIONS = (
					"DEBUG=1",
					"$(inherited)",
				);
				GCC_WARN_64_TO_32_BIT_CONVERSION = YES;
				GCC_WARN_ABOUT_RETURN_TYPE = YES_ERROR;
				GCC_WARN_UNDECLARED_SELECTOR = YES;
				GCC_WARN_UNINITIALIZED_AUTOS = YES_AGGRESSIVE;
				GCC_WARN_UNUSED_FUNCTION = YES;
				GCC_WARN_UNUSED_VARIABLE = YES;
				IPHONEOS_DEPLOYMENT_TARGET = 16.4;
				MTL_ENABLE_DEBUG_INFO = INCLUDE_SOURCE;
				MTL_FAST_MATH = YES;
				ONLY_ACTIVE_ARCH = YES;
				SDKROOT = iphoneos;
				SWIFT_ACTIVE_COMPILATION_CONDITIONS = DEBUG;
				SWIFT_OPTIMIZATION_LEVEL = "-Onone";
			};
			name = Debug;
		};
		7EF3FF032A6A6472002AE58D /* Release */ = {
			isa = XCBuildConfiguration;
			buildSettings = {
				ALWAYS_SEARCH_USER_PATHS = NO;
				CLANG_ANALYZER_NONNULL = YES;
				CLANG_ANALYZER_NUMBER_OBJECT_CONVERSION = YES_AGGRESSIVE;
				CLANG_CXX_LANGUAGE_STANDARD = "gnu++20";
				CLANG_ENABLE_MODULES = YES;
				CLANG_ENABLE_OBJC_ARC = YES;
				CLANG_ENABLE_OBJC_WEAK = YES;
				CLANG_WARN_BLOCK_CAPTURE_AUTORELEASING = YES;
				CLANG_WARN_BOOL_CONVERSION = YES;
				CLANG_WARN_COMMA = YES;
				CLANG_WARN_CONSTANT_CONVERSION = YES;
				CLANG_WARN_DEPRECATED_OBJC_IMPLEMENTATIONS = YES;
				CLANG_WARN_DIRECT_OBJC_ISA_USAGE = YES_ERROR;
				CLANG_WARN_DOCUMENTATION_COMMENTS = YES;
				CLANG_WARN_EMPTY_BODY = YES;
				CLANG_WARN_ENUM_CONVERSION = YES;
				CLANG_WARN_INFINITE_RECURSION = YES;
				CLANG_WARN_INT_CONVERSION = YES;
				CLANG_WARN_NON_LITERAL_NULL_CONVERSION = YES;
				CLANG_WARN_OBJC_IMPLICIT_RETAIN_SELF = YES;
				CLANG_WARN_OBJC_LITERAL_CONVERSION = YES;
				CLANG_WARN_OBJC_ROOT_CLASS = YES_ERROR;
				CLANG_WARN_QUOTED_INCLUDE_IN_FRAMEWORK_HEADER = YES;
				CLANG_WARN_RANGE_LOOP_ANALYSIS = YES;
				CLANG_WARN_STRICT_PROTOTYPES = YES;
				CLANG_WARN_SUSPICIOUS_MOVE = YES;
				CLANG_WARN_UNGUARDED_AVAILABILITY = YES_AGGRESSIVE;
				CLANG_WARN_UNREACHABLE_CODE = YES;
				CLANG_WARN__DUPLICATE_METHOD_MATCH = YES;
				COPY_PHASE_STRIP = NO;
				DEBUG_INFORMATION_FORMAT = "dwarf-with-dsym";
				ENABLE_NS_ASSERTIONS = NO;
				ENABLE_STRICT_OBJC_MSGSEND = YES;
				GCC_C_LANGUAGE_STANDARD = gnu11;
				GCC_NO_COMMON_BLOCKS = YES;
				GCC_WARN_64_TO_32_BIT_CONVERSION = YES;
				GCC_WARN_ABOUT_RETURN_TYPE = YES_ERROR;
				GCC_WARN_UNDECLARED_SELECTOR = YES;
				GCC_WARN_UNINITIALIZED_AUTOS = YES_AGGRESSIVE;
				GCC_WARN_UNUSED_FUNCTION = YES;
				GCC_WARN_UNUSED_VARIABLE = YES;
				IPHONEOS_DEPLOYMENT_TARGET = 16.4;
				MTL_ENABLE_DEBUG_INFO = NO;
				MTL_FAST_MATH = YES;
				SDKROOT = iphoneos;
				SWIFT_COMPILATION_MODE = wholemodule;
				SWIFT_OPTIMIZATION_LEVEL = "-O";
				VALIDATE_PRODUCT = YES;
			};
			name = Release;
		};
		7EF3FF052A6A6472002AE58D /* Debug */ = {
			isa = XCBuildConfiguration;
			buildSettings = {
				ASSETCATALOG_COMPILER_APPICON_NAME = AppIcon;
				ASSETCATALOG_COMPILER_GLOBAL_ACCENT_COLOR_NAME = AccentColor;
				CODE_SIGN_STYLE = Automatic;
				CURRENT_PROJECT_VERSION = 1;
				DEVELOPMENT_TEAM = 5U782822RV;
				GENERATE_INFOPLIST_FILE = YES;
				INFOPLIST_FILE = CoordinatorPattern/Info.plist;
				INFOPLIST_KEY_UIApplicationSupportsIndirectInputEvents = YES;
				INFOPLIST_KEY_UILaunchStoryboardName = LaunchScreen;
				INFOPLIST_KEY_UISupportedInterfaceOrientations = UIInterfaceOrientationPortrait;
				INFOPLIST_KEY_UISupportedInterfaceOrientations_iPad = "UIInterfaceOrientationLandscapeLeft UIInterfaceOrientationLandscapeRight UIInterfaceOrientationPortrait UIInterfaceOrientationPortraitUpsideDown";
				LD_RUNPATH_SEARCH_PATHS = (
					"$(inherited)",
					"@executable_path/Frameworks",
				);
				MARKETING_VERSION = 1.0;
				PRODUCT_BUNDLE_IDENTIFIER = ThomasG51.CoordinatorPattern;
				PRODUCT_NAME = "$(TARGET_NAME)";
				SUPPORTED_PLATFORMS = "iphoneos iphonesimulator";
				SUPPORTS_MACCATALYST = NO;
				SUPPORTS_MAC_DESIGNED_FOR_IPHONE_IPAD = NO;
				SWIFT_EMIT_LOC_STRINGS = YES;
				SWIFT_VERSION = 5.0;
				TARGETED_DEVICE_FAMILY = 1;
			};
			name = Debug;
		};
		7EF3FF062A6A6472002AE58D /* Release */ = {
			isa = XCBuildConfiguration;
			buildSettings = {
				ASSETCATALOG_COMPILER_APPICON_NAME = AppIcon;
				ASSETCATALOG_COMPILER_GLOBAL_ACCENT_COLOR_NAME = AccentColor;
				CODE_SIGN_STYLE = Automatic;
				CURRENT_PROJECT_VERSION = 1;
				DEVELOPMENT_TEAM = 5U782822RV;
				GENERATE_INFOPLIST_FILE = YES;
				INFOPLIST_FILE = CoordinatorPattern/Info.plist;
				INFOPLIST_KEY_UIApplicationSupportsIndirectInputEvents = YES;
				INFOPLIST_KEY_UILaunchStoryboardName = LaunchScreen;
				INFOPLIST_KEY_UISupportedInterfaceOrientations = UIInterfaceOrientationPortrait;
				INFOPLIST_KEY_UISupportedInterfaceOrientations_iPad = "UIInterfaceOrientationLandscapeLeft UIInterfaceOrientationLandscapeRight UIInterfaceOrientationPortrait UIInterfaceOrientationPortraitUpsideDown";
				LD_RUNPATH_SEARCH_PATHS = (
					"$(inherited)",
					"@executable_path/Frameworks",
				);
				MARKETING_VERSION = 1.0;
				PRODUCT_BUNDLE_IDENTIFIER = ThomasG51.CoordinatorPattern;
				PRODUCT_NAME = "$(TARGET_NAME)";
				SUPPORTED_PLATFORMS = "iphoneos iphonesimulator";
				SUPPORTS_MACCATALYST = NO;
				SUPPORTS_MAC_DESIGNED_FOR_IPHONE_IPAD = NO;
				SWIFT_EMIT_LOC_STRINGS = YES;
				SWIFT_VERSION = 5.0;
				TARGETED_DEVICE_FAMILY = 1;
			};
			name = Release;
		};
/* End XCBuildConfiguration section */

/* Begin XCConfigurationList section */
		7EF3FEEB2A6A6471002AE58D /* Build configuration list for PBXProject "CoordinatorPattern" */ = {
			isa = XCConfigurationList;
			buildConfigurations = (
				7EF3FF022A6A6472002AE58D /* Debug */,
				7EF3FF032A6A6472002AE58D /* Release */,
			);
			defaultConfigurationIsVisible = 0;
			defaultConfigurationName = Release;
		};
		7EF3FF042A6A6472002AE58D /* Build configuration list for PBXNativeTarget "CoordinatorPattern" */ = {
			isa = XCConfigurationList;
			buildConfigurations = (
				7EF3FF052A6A6472002AE58D /* Debug */,
				7EF3FF062A6A6472002AE58D /* Release */,
			);
			defaultConfigurationIsVisible = 0;
			defaultConfigurationName = Release;
		};
/* End XCConfigurationList section */
	};
	rootObject = 7EF3FEE82A6A6471002AE58D /* Project object */;
}
